
Microsoft Visual Studio Solution File, Format Version 12.00
Project("{FAE04EC0-301F-11D3-BF4B-00C04F79EFBC}") = "BlazorApp1", "BlazorApp1\BlazorApp1.csproj", "{0F07A588-1F0B-48E4-A0BF-8944CAAA043A}"
EndProject
Project("{FAE04EC0-301F-11D3-BF4B-00C04F79EFBC}") = "Radzen.Blazor", "..\..\SourcesExternal\radzen-blazor\Radzen.Blazor\Radzen.Blazor.csproj", "{03FB3929-006A-4337-91A8-206CBA827862}"
EndProject
Global
	GlobalSection(SolutionConfigurationPlatforms) = preSolution
		Debug|Any CPU = Debug|Any CPU
		Release|Any CPU = Release|Any CPU
	EndGlobalSection
	GlobalSection(ProjectConfigurationPlatforms) = postSolution
		{0F07A588-1F0B-48E4-A0BF-8944CAAA043A}.Debug|Any CPU.ActiveCfg = Debug|Any CPU
		{0F07A588-1F0B-48E4-A0BF-8944CAAA043A}.Debug|Any CPU.Build.0 = Debug|Any CPU
		{0F07A588-1F0B-48E4-A0BF-8944CAAA043A}.Release|Any CPU.ActiveCfg = Release|Any CPU
		{0F07A588-1F0B-48E4-A0BF-8944CAAA043A}.Release|Any CPU.Build.0 = Release|Any CPU
		{03FB3929-006A-4337-91A8-206CBA827862}.Debug|Any CPU.ActiveCfg = Debug|Any CPU
		{03FB3929-006A-4337-91A8-206CBA827862}.Debug|Any CPU.Build.0 = Debug|Any CPU
		{03FB3929-006A-4337-91A8-206CBA827862}.Release|Any CPU.ActiveCfg = Release|Any CPU
		{03FB3929-006A-4337-91A8-206CBA827862}.Release|Any CPU.Build.0 = Release|Any CPU
	EndGlobalSection
EndGlobal
